# THIS IS AN AUTOGENERATED FILE. DO NOT EDIT THIS FILE DIRECTLY.
# yarn lockfile v1


bpmn-moddle@^5.1.5:
  version "5.1.5"
  resolved "https://registry.yarnpkg.com/bpmn-moddle/-/bpmn-moddle-5.1.5.tgz#cfbd8be1beb0d7dd10c998db7616f2615265823a"
  dependencies:
    min-dash "^3.0.0"
    moddle "^4.1.0"
    moddle-xml "^7.2.3"

min-dash@^3.0.0:
  version "3.1.0"
  resolved "https://registry.yarnpkg.com/min-dash/-/min-dash-3.1.0.tgz#ba1d0f06dd233f163ac8041f115e3bb08ba7fda9"

moddle-xml@^7.2.3:
  version "7.2.3"
  resolved "https://registry.yarnpkg.com/moddle-xml/-/moddle-xml-7.2.3.tgz#99c13bc026976361252518d657368b3c78eae483"
  dependencies:
    min-dash "^3.0.0"
    moddle "^4.1.0"
    saxen "^8.0.0"
    tiny-stack "^1.0.0"

moddle@^4.1.0:
  version "4.1.0"
  resolved "https://registry.yarnpkg.com/moddle/-/moddle-4.1.0.tgz#1b49f60dbe6c9565875605555c9fabe661e400b6"
  dependencies:
    min-dash "^3.0.0"

saxen@^8.0.0:
  version "8.0.0"
  resolved "https://registry.yarnpkg.com/saxen/-/saxen-8.0.0.tgz#910e2878b1ffa58b214ef8cd2d827bb7a82b2b2b"

tiny-stack@^1.0.0:
  version "1.1.0"
  resolved "https://registry.yarnpkg.com/tiny-stack/-/tiny-stack-1.1.0.tgz#a5d65c5753709ea43b29e903e6f6323185b9ac21"
