{
  "name": "moddle-extension-test",
  "version": "0.0.0",
  "lockfileVersion": 1,
  "requires": true,
  "dependencies": {
    "camunda-bpmn-moddle": {
      "version": "6.1.2",
      "resolved": "https://registry.npmjs.org/camunda-bpmn-moddle/-/camunda-bpmn-moddle-6.1.2.tgz",
      "integrity": "sha512-DfhOTeq8oN01cB5sLE6Rq34/9xGD15/Y14pEM+YBIjgvV6Rclh+BgIa/2aRMm8An4Kc/itm2tECYiDr8p/FyTQ==",
      "requires": {
        "min-dash": "^3.8.1"
      }
    },
    "min-dash": {
      "version": "3.8.1",
      "resolved": "https://registry.npmjs.org/min-dash/-/min-dash-3.8.1.tgz",
      "integrity": "sha512-evumdlmIlg9mbRVPbC4F5FuRhNmcMS5pvuBUbqb1G9v09Ro0ImPEgz5n3khir83lFok1inKqVDjnKEg3GpDxQg=="
    }
  }
}
